# Layout file. Item name/lore come from the active language file (gui.<gui>.<item>.*).
# Add "name:" and/or "lore:" (MiniMessage) under any item to override them for every language.
# Every item also supports: material, slot, amount, glow, custom-model-data, enchants: {sharpness: 1}

rows: 6
filler:
  enabled: true
  material: BLACK_STAINED_GLASS_PANE

layout:
  player-slots: ["0-44"]
items:
  head:
    material: PLAYER_HEAD
  previous:
    slot: 45
    material: ARROW
  next:
    slot: 53
    material: ARROW
  back:
    slot: 48
    material: ARROW
  close:
    slot: 49
    material: BARRIER
